
Microsoft Visual Studio Solution File, Format Version 12.00
# Visual Studio Version 17
VisualStudioVersion = 17.4.33403.182
MinimumVisualStudioVersion = 10.0.40219.1
Project("{FAE04EC0-301F-11D3-BF4B-00C04F79EFBC}") = "ContextFreeGrammar.СSharp", "src\ContextFreeGrammar.СSharp\ContextFreeGrammar.СSharp.csproj", "{81D922B7-C2F9-4F6F-B413-77F666584082}"
EndProject
Global
	GlobalSection(SolutionConfigurationPlatforms) = preSolution
		Debug|Any CPU = Debug|Any CPU
		Debug|x64 = Debug|x64
		Debug|x86 = Debug|x86
		Release|Any CPU = Release|Any CPU
		Release|x64 = Release|x64
		Release|x86 = Release|x86
	EndGlobalSection
	GlobalSection(ProjectConfigurationPlatforms) = postSolution
		{81D922B7-C2F9-4F6F-B413-77F666584082}.Debug|Any CPU.ActiveCfg = Debug|Any CPU
		{81D922B7-C2F9-4F6F-B413-77F666584082}.Debug|Any CPU.Build.0 = Debug|Any CPU
		{81D922B7-C2F9-4F6F-B413-77F666584082}.Debug|x64.ActiveCfg = Debug|Any CPU
		{81D922B7-C2F9-4F6F-B413-77F666584082}.Debug|x64.Build.0 = Debug|Any CPU
		{81D922B7-C2F9-4F6F-B413-77F666584082}.Debug|x86.ActiveCfg = Debug|Any CPU
		{81D922B7-C2F9-4F6F-B413-77F666584082}.Debug|x86.Build.0 = Debug|Any CPU
		{81D922B7-C2F9-4F6F-B413-77F666584082}.Release|Any CPU.ActiveCfg = Release|Any CPU
		{81D922B7-C2F9-4F6F-B413-77F666584082}.Release|Any CPU.Build.0 = Release|Any CPU
		{81D922B7-C2F9-4F6F-B413-77F666584082}.Release|x64.ActiveCfg = Release|Any CPU
		{81D922B7-C2F9-4F6F-B413-77F666584082}.Release|x64.Build.0 = Release|Any CPU
		{81D922B7-C2F9-4F6F-B413-77F666584082}.Release|x86.ActiveCfg = Release|Any CPU
		{81D922B7-C2F9-4F6F-B413-77F666584082}.Release|x86.Build.0 = Release|Any CPU
	EndGlobalSection
	GlobalSection(SolutionProperties) = preSolution
		HideSolutionNode = FALSE
	EndGlobalSection
	GlobalSection(ExtensibilityGlobals) = postSolution
		SolutionGuid = {986BC342-AA7E-4DFF-8A38-38C7E9B63D0D}
	EndGlobalSection
EndGlobal
